{
  "version": 4,
  "terraform_version": "1.4.4",
  "serial": 552,
  "lineage": "20c31a3d-6b00-8155-2596-237cad4ac6c3",
  "outputs": {},
  "resources": [
    {
      "module": "module.alb[0]",
      "mode": "managed",
      "type": "aws_lb",
      "name": "kiwi-dev-alb",
      "provider": "provider[\"registry.terraform.io/hashicorp/aws\"]",
      "instances": [
        {
          "schema_version": 0,
          "attributes": {
            "access_logs": [
              {
                "bucket": "",
                "enabled": false,
                "prefix": ""
              }
            ],
            "arn": "arn:aws:elasticloadbalancing:us-east-1:382303303503:loadbalancer/app/kiwi-dev-alb/5af24f4109bee79d",
            "arn_suffix": "app/kiwi-dev-alb/5af24f4109bee79d",
            "customer_owned_ipv4_pool": "",
            "desync_mitigation_mode": "defensive",
            "dns_name": "kiwi-dev-alb-742534447.us-east-1.elb.amazonaws.com",
            "drop_invalid_header_fields": false,
            "enable_cross_zone_load_balancing": true,
            "enable_deletion_protection": false,
            "enable_http2": true,
            "enable_tls_version_and_cipher_suite_headers": false,
            "enable_waf_fail_open": false,
            "enable_xff_client_port": false,
            "id": "arn:aws:elasticloadbalancing:us-east-1:382303303503:loadbalancer/app/kiwi-dev-alb/5af24f4109bee79d",
            "idle_timeout": 60,
            "internal": false,
            "ip_address_type": "ipv4",
            "load_balancer_type": "application",
            "name": "kiwi-dev-alb",
            "name_prefix": null,
            "preserve_host_header": false,
            "security_groups": [
              "sg-0ac08b8ecc6aa5bdd"
            ],
            "subnet_mapping": [
              {
                "allocation_id": "",
                "ipv6_address": "",
                "outpost_id": "",
                "private_ipv4_address": "",
                "subnet_id": "subnet-03297717ec18a54a8"
              },
              {
                "allocation_id": "",
                "ipv6_address": "",
                "outpost_id": "",
                "private_ipv4_address": "",
                "subnet_id": "subnet-0687692b7fc5e17f3"
              }
            ],
            "subnets": [
              "subnet-03297717ec18a54a8",
              "subnet-0687692b7fc5e17f3"
            ],
            "tags": {
              "Name": "kiwi-dev-alb"
            },
            "tags_all": {
              "Name": "kiwi-dev-alb"
            },
            "timeouts": null,
            "vpc_id": "vpc-0ea0972e947219e52",
            "xff_header_processing_mode": "append",
            "zone_id": "Z35SXDOTRQ7X7K"
          },
          "sensitive_attributes": [],
          "private": "eyJlMmJmYjczMC1lY2FhLTExZTYtOGY4OC0zNDM2M2JjN2M0YzAiOnsiY3JlYXRlIjo2MDAwMDAwMDAwMDAsImRlbGV0ZSI6NjAwMDAwMDAwMDAwLCJ1cGRhdGUiOjYwMDAwMDAwMDAwMH19",
          "dependencies": [
            "module.ec2.aws_instance.app",
            "module.vpc.aws_security_group.alb-sg",
            "module.vpc.aws_security_group.app-sg",
            "module.vpc.aws_subnet.sn1",
            "module.vpc.aws_subnet.sn2",
            "module.vpc.aws_vpc.kiwi-vpc"
          ]
        }
      ]
    },
    {
      "module": "module.alb[0]",
      "mode": "managed",
      "type": "aws_lb_listener",
      "name": "kiwi-dev-alb-listner",
      "provider": "provider[\"registry.terraform.io/hashicorp/aws\"]",
      "instances": [
        {
          "schema_version": 0,
          "attributes": {
            "alpn_policy": null,
            "arn": "arn:aws:elasticloadbalancing:us-east-1:382303303503:listener/app/kiwi-dev-alb/5af24f4109bee79d/365f8884467cebbe",
            "certificate_arn": null,
            "default_action": [
              {
                "authenticate_cognito": [],
                "authenticate_oidc": [],
                "fixed_response": [],
                "forward": [],
                "order": 1,
                "redirect": [],
                "target_group_arn": "arn:aws:elasticloadbalancing:us-east-1:382303303503:targetgroup/kiwi-dev-tg/919f15b0ff901876",
                "type": "forward"
              }
            ],
            "id": "arn:aws:elasticloadbalancing:us-east-1:382303303503:listener/app/kiwi-dev-alb/5af24f4109bee79d/365f8884467cebbe",
            "load_balancer_arn": "arn:aws:elasticloadbalancing:us-east-1:382303303503:loadbalancer/app/kiwi-dev-alb/5af24f4109bee79d",
            "port": 80,
            "protocol": "HTTP",
            "ssl_policy": "",
            "tags": null,
            "tags_all": {},
            "timeouts": null
          },
          "sensitive_attributes": [],
          "private": "eyJlMmJmYjczMC1lY2FhLTExZTYtOGY4OC0zNDM2M2JjN2M0YzAiOnsicmVhZCI6NjAwMDAwMDAwMDAwfX0=",
          "dependencies": [
            "module.alb.aws_lb.kiwi-dev-alb",
            "module.alb.aws_lb_target_group.kiwi-dev-tg",
            "module.ec2.aws_instance.app",
            "module.vpc.aws_security_group.alb-sg",
            "module.vpc.aws_security_group.app-sg",
            "module.vpc.aws_subnet.sn1",
            "module.vpc.aws_subnet.sn2",
            "module.vpc.aws_vpc.kiwi-vpc"
          ]
        }
      ]
    },
    {
      "module": "module.alb[0]",
      "mode": "managed",
      "type": "aws_lb_target_group",
      "name": "kiwi-dev-tg",
      "provider": "provider[\"registry.terraform.io/hashicorp/aws\"]",
      "instances": [
        {
          "schema_version": 0,
          "attributes": {
            "arn": "arn:aws:elasticloadbalancing:us-east-1:382303303503:targetgroup/kiwi-dev-tg/919f15b0ff901876",
            "arn_suffix": "targetgroup/kiwi-dev-tg/919f15b0ff901876",
            "connection_termination": false,
            "deregistration_delay": "300",
            "health_check": [
              {
                "enabled": true,
                "healthy_threshold": 3,
                "interval": 10,
                "matcher": "200",
                "path": "/login",
                "port": "traffic-port",
                "protocol": "HTTP",
                "timeout": 5,
                "unhealthy_threshold": 2
              }
            ],
            "id": "arn:aws:elasticloadbalancing:us-east-1:382303303503:targetgroup/kiwi-dev-tg/919f15b0ff901876",
            "ip_address_type": "ipv4",
            "lambda_multi_value_headers_enabled": false,
            "load_balancing_algorithm_type": "round_robin",
            "load_balancing_cross_zone_enabled": "use_load_balancer_configuration",
            "name": "kiwi-dev-tg",
            "name_prefix": null,
            "port": 8080,
            "preserve_client_ip": null,
            "protocol": "HTTP",
            "protocol_version": "HTTP1",
            "proxy_protocol_v2": false,
            "slow_start": 0,
            "stickiness": [
              {
                "cookie_duration": 86400,
                "cookie_name": "",
                "enabled": false,
                "type": "lb_cookie"
              }
            ],
            "tags": null,
            "tags_all": {},
            "target_failover": [
              {
                "on_deregistration": null,
                "on_unhealthy": null
              }
            ],
            "target_type": "instance",
            "vpc_id": "vpc-0ea0972e947219e52"
          },
          "sensitive_attributes": [],
          "private": "bnVsbA==",
          "dependencies": [
            "module.ec2.aws_instance.app",
            "module.vpc.aws_security_group.alb-sg",
            "module.vpc.aws_security_group.app-sg",
            "module.vpc.aws_subnet.sn1",
            "module.vpc.aws_vpc.kiwi-vpc"
          ]
        }
      ]
    },
    {
      "module": "module.alb[0]",
      "mode": "managed",
      "type": "aws_lb_target_group_attachment",
      "name": "kiwi-dev-tg-a1",
      "provider": "provider[\"registry.terraform.io/hashicorp/aws\"]",
      "instances": [
        {
          "schema_version": 0,
          "attributes": {
            "availability_zone": null,
            "id": "arn:aws:elasticloadbalancing:us-east-1:382303303503:targetgroup/kiwi-dev-tg/919f15b0ff901876-20230427131227474200000008",
            "port": 8080,
            "target_group_arn": "arn:aws:elasticloadbalancing:us-east-1:382303303503:targetgroup/kiwi-dev-tg/919f15b0ff901876",
            "target_id": "i-0adf49fcd5da32752"
          },
          "sensitive_attributes": [],
          "private": "bnVsbA==",
          "dependencies": [
            "module.alb.aws_lb_target_group.kiwi-dev-tg",
            "module.ec2.aws_instance.app",
            "module.vpc.aws_security_group.alb-sg",
            "module.vpc.aws_security_group.app-sg",
            "module.vpc.aws_subnet.sn1",
            "module.vpc.aws_vpc.kiwi-vpc"
          ]
        }
      ]
    },
    {
      "module": "module.alb[1]",
      "mode": "managed",
      "type": "aws_lb",
      "name": "kiwi-dev-alb",
      "provider": "provider[\"registry.terraform.io/hashicorp/aws\"]",
      "instances": [
        {
          "schema_version": 0,
          "attributes": {
            "access_logs": [
              {
                "bucket": "",
                "enabled": false,
                "prefix": ""
              }
            ],
            "arn": "arn:aws:elasticloadbalancing:us-east-1:382303303503:loadbalancer/app/kiwi-dev-alb/5af24f4109bee79d",
            "arn_suffix": "app/kiwi-dev-alb/5af24f4109bee79d",
            "customer_owned_ipv4_pool": "",
            "desync_mitigation_mode": "defensive",
            "dns_name": "kiwi-dev-alb-742534447.us-east-1.elb.amazonaws.com",
            "drop_invalid_header_fields": false,
            "enable_cross_zone_load_balancing": true,
            "enable_deletion_protection": false,
            "enable_http2": true,
            "enable_tls_version_and_cipher_suite_headers": false,
            "enable_waf_fail_open": false,
            "enable_xff_client_port": false,
            "id": "arn:aws:elasticloadbalancing:us-east-1:382303303503:loadbalancer/app/kiwi-dev-alb/5af24f4109bee79d",
            "idle_timeout": 60,
            "internal": false,
            "ip_address_type": "ipv4",
            "load_balancer_type": "application",
            "name": "kiwi-dev-alb",
            "name_prefix": null,
            "preserve_host_header": false,
            "security_groups": [
              "sg-0ac08b8ecc6aa5bdd"
            ],
            "subnet_mapping": [
              {
                "allocation_id": "",
                "ipv6_address": "",
                "outpost_id": "",
                "private_ipv4_address": "",
                "subnet_id": "subnet-03297717ec18a54a8"
              },
              {
                "allocation_id": "",
                "ipv6_address": "",
                "outpost_id": "",
                "private_ipv4_address": "",
                "subnet_id": "subnet-0687692b7fc5e17f3"
              }
            ],
            "subnets": [
              "subnet-03297717ec18a54a8",
              "subnet-0687692b7fc5e17f3"
            ],
            "tags": {
              "Name": "kiwi-dev-alb"
            },
            "tags_all": {
              "Name": "kiwi-dev-alb"
            },
            "timeouts": null,
            "vpc_id": "vpc-0ea0972e947219e52",
            "xff_header_processing_mode": "append",
            "zone_id": "Z35SXDOTRQ7X7K"
          },
          "sensitive_attributes": [],
          "private": "eyJlMmJmYjczMC1lY2FhLTExZTYtOGY4OC0zNDM2M2JjN2M0YzAiOnsiY3JlYXRlIjo2MDAwMDAwMDAwMDAsImRlbGV0ZSI6NjAwMDAwMDAwMDAwLCJ1cGRhdGUiOjYwMDAwMDAwMDAwMH19",
          "dependencies": [
            "module.ec2.aws_instance.app",
            "module.vpc.aws_security_group.alb-sg",
            "module.vpc.aws_security_group.app-sg",
            "module.vpc.aws_subnet.sn1",
            "module.vpc.aws_subnet.sn2",
            "module.vpc.aws_vpc.kiwi-vpc"
          ]
        }
      ]
    },
    {
      "module": "module.alb[1]",
      "mode": "managed",
      "type": "aws_lb_listener",
      "name": "kiwi-dev-alb-listner",
      "provider": "provider[\"registry.terraform.io/hashicorp/aws\"]",
      "instances": [
        {
          "schema_version": 0,
          "attributes": {
            "alpn_policy": null,
            "arn": "arn:aws:elasticloadbalancing:us-east-1:382303303503:listener/app/kiwi-dev-alb/5af24f4109bee79d/365f8884467cebbe",
            "certificate_arn": null,
            "default_action": [
              {
                "authenticate_cognito": [],
                "authenticate_oidc": [],
                "fixed_response": [],
                "forward": [],
                "order": 1,
                "redirect": [],
                "target_group_arn": "arn:aws:elasticloadbalancing:us-east-1:382303303503:targetgroup/kiwi-dev-tg/919f15b0ff901876",
                "type": "forward"
              }
            ],
            "id": "arn:aws:elasticloadbalancing:us-east-1:382303303503:listener/app/kiwi-dev-alb/5af24f4109bee79d/365f8884467cebbe",
            "load_balancer_arn": "arn:aws:elasticloadbalancing:us-east-1:382303303503:loadbalancer/app/kiwi-dev-alb/5af24f4109bee79d",
            "port": 80,
            "protocol": "HTTP",
            "ssl_policy": "",
            "tags": null,
            "tags_all": {},
            "timeouts": null
          },
          "sensitive_attributes": [],
          "private": "eyJlMmJmYjczMC1lY2FhLTExZTYtOGY4OC0zNDM2M2JjN2M0YzAiOnsicmVhZCI6NjAwMDAwMDAwMDAwfX0=",
          "dependencies": [
            "module.alb.aws_lb.kiwi-dev-alb",
            "module.alb.aws_lb_target_group.kiwi-dev-tg",
            "module.ec2.aws_instance.app",
            "module.vpc.aws_security_group.alb-sg",
            "module.vpc.aws_security_group.app-sg",
            "module.vpc.aws_subnet.sn1",
            "module.vpc.aws_subnet.sn2",
            "module.vpc.aws_vpc.kiwi-vpc"
          ]
        }
      ]
    },
    {
      "module": "module.alb[1]",
      "mode": "managed",
      "type": "aws_lb_target_group",
      "name": "kiwi-dev-tg",
      "provider": "provider[\"registry.terraform.io/hashicorp/aws\"]",
      "instances": [
        {
          "schema_version": 0,
          "attributes": {
            "arn": "arn:aws:elasticloadbalancing:us-east-1:382303303503:targetgroup/kiwi-dev-tg/919f15b0ff901876",
            "arn_suffix": "targetgroup/kiwi-dev-tg/919f15b0ff901876",
            "connection_termination": false,
            "deregistration_delay": "300",
            "health_check": [
              {
                "enabled": true,
                "healthy_threshold": 3,
                "interval": 10,
                "matcher": "200",
                "path": "/login",
                "port": "traffic-port",
                "protocol": "HTTP",
                "timeout": 5,
                "unhealthy_threshold": 2
              }
            ],
            "id": "arn:aws:elasticloadbalancing:us-east-1:382303303503:targetgroup/kiwi-dev-tg/919f15b0ff901876",
            "ip_address_type": "ipv4",
            "lambda_multi_value_headers_enabled": false,
            "load_balancing_algorithm_type": "round_robin",
            "load_balancing_cross_zone_enabled": "use_load_balancer_configuration",
            "name": "kiwi-dev-tg",
            "name_prefix": null,
            "port": 8080,
            "preserve_client_ip": null,
            "protocol": "HTTP",
            "protocol_version": "HTTP1",
            "proxy_protocol_v2": false,
            "slow_start": 0,
            "stickiness": [
              {
                "cookie_duration": 86400,
                "cookie_name": "",
                "enabled": false,
                "type": "lb_cookie"
              }
            ],
            "tags": null,
            "tags_all": {},
            "target_failover": [
              {
                "on_deregistration": null,
                "on_unhealthy": null
              }
            ],
            "target_type": "instance",
            "vpc_id": "vpc-0ea0972e947219e52"
          },
          "sensitive_attributes": [],
          "private": "bnVsbA==",
          "dependencies": [
            "module.ec2.aws_instance.app",
            "module.vpc.aws_security_group.alb-sg",
            "module.vpc.aws_security_group.app-sg",
            "module.vpc.aws_subnet.sn1",
            "module.vpc.aws_vpc.kiwi-vpc"
          ]
        }
      ]
    },
    {
      "module": "module.alb[1]",
      "mode": "managed",
      "type": "aws_lb_target_group_attachment",
      "name": "kiwi-dev-tg-a1",
      "provider": "provider[\"registry.terraform.io/hashicorp/aws\"]",
      "instances": [
        {
          "schema_version": 0,
          "attributes": {
            "availability_zone": null,
            "id": "arn:aws:elasticloadbalancing:us-east-1:382303303503:targetgroup/kiwi-dev-tg/919f15b0ff901876-20230427131227116200000007",
            "port": 8080,
            "target_group_arn": "arn:aws:elasticloadbalancing:us-east-1:382303303503:targetgroup/kiwi-dev-tg/919f15b0ff901876",
            "target_id": "i-002d879ccd5097354"
          },
          "sensitive_attributes": [],
          "private": "bnVsbA==",
          "dependencies": [
            "module.alb.aws_lb_target_group.kiwi-dev-tg",
            "module.ec2.aws_instance.app",
            "module.vpc.aws_security_group.alb-sg",
            "module.vpc.aws_security_group.app-sg",
            "module.vpc.aws_subnet.sn1",
            "module.vpc.aws_vpc.kiwi-vpc"
          ]
        }
      ]
    },
    {
      "module": "module.ec2",
      "mode": "managed",
      "type": "aws_instance",
      "name": "app",
      "provider": "provider[\"registry.terraform.io/hashicorp/aws\"]",
      "instances": [
        {
          "index_key": 0,
          "schema_version": 1,
          "attributes": {
            "ami": "ami-002070d43b0a4f171",
            "arn": "arn:aws:ec2:us-east-1:382303303503:instance/i-0adf49fcd5da32752",
            "associate_public_ip_address": true,
            "availability_zone": "us-east-1a",
            "capacity_reservation_specification": [
              {
                "capacity_reservation_preference": "open",
                "capacity_reservation_target": []
              }
            ],
            "cpu_core_count": 1,
            "cpu_threads_per_core": 1,
            "credit_specification": [
              {
                "cpu_credits": "standard"
              }
            ],
            "disable_api_stop": false,
            "disable_api_termination": false,
            "ebs_block_device": [],
            "ebs_optimized": false,
            "enclave_options": [
              {
                "enabled": false
              }
            ],
            "ephemeral_block_device": [],
            "get_password_data": false,
            "hibernation": false,
            "host_id": "",
            "host_resource_group_arn": null,
            "iam_instance_profile": "",
            "id": "i-0adf49fcd5da32752",
            "instance_initiated_shutdown_behavior": "stop",
            "instance_state": "running",
            "instance_type": "t2.micro",
            "ipv6_address_count": 0,
            "ipv6_addresses": [],
            "key_name": "kiwigate",
            "launch_template": [],
            "maintenance_options": [
              {
                "auto_recovery": "default"
              }
            ],
            "metadata_options": [
              {
                "http_endpoint": "enabled",
                "http_put_response_hop_limit": 1,
                "http_tokens": "optional",
                "instance_metadata_tags": "disabled"
              }
            ],
            "monitoring": false,
            "network_interface": [],
            "outpost_arn": "",
            "password_data": "",
            "placement_group": "",
            "placement_partition_number": 0,
            "primary_network_interface_id": "eni-04834eb1c0e125410",
            "private_dns": "ip-10-0-1-102.ec2.internal",
            "private_dns_name_options": [
              {
                "enable_resource_name_dns_a_record": false,
                "enable_resource_name_dns_aaaa_record": false,
                "hostname_type": "ip-name"
              }
            ],
            "private_ip": "10.0.1.102",
            "public_dns": "ec2-3-87-48-21.compute-1.amazonaws.com",
            "public_ip": "3.87.48.21",
            "root_block_device": [
              {
                "delete_on_termination": true,
                "device_name": "/dev/sda1",
                "encrypted": false,
                "iops": 100,
                "kms_key_id": "",
                "tags": {},
                "throughput": 0,
                "volume_id": "vol-099e3cd351277bea6",
                "volume_size": 10,
                "volume_type": "gp2"
              }
            ],
            "secondary_private_ips": [],
            "security_groups": [],
            "source_dest_check": true,
            "subnet_id": "subnet-0687692b7fc5e17f3",
            "tags": {
              "Name": "kiwi-app0"
            },
            "tags_all": {
              "Name": "kiwi-app0"
            },
            "tenancy": "default",
            "timeouts": null,
            "user_data": "bc1392e770135bb1e73d6586b71b3ba2f72e19c1",
            "user_data_base64": null,
            "user_data_replace_on_change": false,
            "volume_tags": null,
            "vpc_security_group_ids": [
              "sg-006042f15d784c31f"
            ]
          },
          "sensitive_attributes": [],
          "private": "eyJlMmJmYjczMC1lY2FhLTExZTYtOGY4OC0zNDM2M2JjN2M0YzAiOnsiY3JlYXRlIjo2MDAwMDAwMDAwMDAsImRlbGV0ZSI6MTIwMDAwMDAwMDAwMCwidXBkYXRlIjo2MDAwMDAwMDAwMDB9LCJzY2hlbWFfdmVyc2lvbiI6IjEifQ==",
          "dependencies": [
            "module.vpc.aws_security_group.alb-sg",
            "module.vpc.aws_security_group.app-sg",
            "module.vpc.aws_subnet.sn1",
            "module.vpc.aws_vpc.kiwi-vpc"
          ]
        },
        {
          "index_key": 1,
          "schema_version": 1,
          "attributes": {
            "ami": "ami-002070d43b0a4f171",
            "arn": "arn:aws:ec2:us-east-1:382303303503:instance/i-002d879ccd5097354",
            "associate_public_ip_address": true,
            "availability_zone": "us-east-1a",
            "capacity_reservation_specification": [
              {
                "capacity_reservation_preference": "open",
                "capacity_reservation_target": []
              }
            ],
            "cpu_core_count": 1,
            "cpu_threads_per_core": 1,
            "credit_specification": [
              {
                "cpu_credits": "standard"
              }
            ],
            "disable_api_stop": false,
            "disable_api_termination": false,
            "ebs_block_device": [],
            "ebs_optimized": false,
            "enclave_options": [
              {
                "enabled": false
              }
            ],
            "ephemeral_block_device": [],
            "get_password_data": false,
            "hibernation": false,
            "host_id": "",
            "host_resource_group_arn": null,
            "iam_instance_profile": "",
            "id": "i-002d879ccd5097354",
            "instance_initiated_shutdown_behavior": "stop",
            "instance_state": "running",
            "instance_type": "t2.micro",
            "ipv6_address_count": 0,
            "ipv6_addresses": [],
            "key_name": "kiwigate",
            "launch_template": [],
            "maintenance_options": [
              {
                "auto_recovery": "default"
              }
            ],
            "metadata_options": [
              {
                "http_endpoint": "enabled",
                "http_put_response_hop_limit": 1,
                "http_tokens": "optional",
                "instance_metadata_tags": "disabled"
              }
            ],
            "monitoring": false,
            "network_interface": [],
            "outpost_arn": "",
            "password_data": "",
            "placement_group": "",
            "placement_partition_number": 0,
            "primary_network_interface_id": "eni-043ab510f34410c88",
            "private_dns": "ip-10-0-1-117.ec2.internal",
            "private_dns_name_options": [
              {
                "enable_resource_name_dns_a_record": false,
                "enable_resource_name_dns_aaaa_record": false,
                "hostname_type": "ip-name"
              }
            ],
            "private_ip": "10.0.1.117",
            "public_dns": "ec2-18-205-243-14.compute-1.amazonaws.com",
            "public_ip": "18.205.243.14",
            "root_block_device": [
              {
                "delete_on_termination": true,
                "device_name": "/dev/sda1",
                "encrypted": false,
                "iops": 100,
                "kms_key_id": "",
                "tags": {},
                "throughput": 0,
                "volume_id": "vol-0180f6650a38db146",
                "volume_size": 10,
                "volume_type": "gp2"
              }
            ],
            "secondary_private_ips": [],
            "security_groups": [],
            "source_dest_check": true,
            "subnet_id": "subnet-0687692b7fc5e17f3",
            "tags": {
              "Name": "kiwi-app1"
            },
            "tags_all": {
              "Name": "kiwi-app1"
            },
            "tenancy": "default",
            "timeouts": null,
            "user_data": "bc1392e770135bb1e73d6586b71b3ba2f72e19c1",
            "user_data_base64": null,
            "user_data_replace_on_change": false,
            "volume_tags": null,
            "vpc_security_group_ids": [
              "sg-006042f15d784c31f"
            ]
          },
          "sensitive_attributes": [],
          "private": "eyJlMmJmYjczMC1lY2FhLTExZTYtOGY4OC0zNDM2M2JjN2M0YzAiOnsiY3JlYXRlIjo2MDAwMDAwMDAwMDAsImRlbGV0ZSI6MTIwMDAwMDAwMDAwMCwidXBkYXRlIjo2MDAwMDAwMDAwMDB9LCJzY2hlbWFfdmVyc2lvbiI6IjEifQ==",
          "dependencies": [
            "module.vpc.aws_security_group.alb-sg",
            "module.vpc.aws_security_group.app-sg",
            "module.vpc.aws_subnet.sn1",
            "module.vpc.aws_vpc.kiwi-vpc"
          ]
        }
      ]
    },
    {
      "module": "module.ec2",
      "mode": "managed",
      "type": "aws_instance",
      "name": "cache",
      "provider": "provider[\"registry.terraform.io/hashicorp/aws\"]",
      "instances": [
        {
          "schema_version": 1,
          "attributes": {
            "ami": "ami-002070d43b0a4f171",
            "arn": "arn:aws:ec2:us-east-1:382303303503:instance/i-0f35e3d72090dd8f3",
            "associate_public_ip_address": true,
            "availability_zone": "us-east-1a",
            "capacity_reservation_specification": [
              {
                "capacity_reservation_preference": "open",
                "capacity_reservation_target": []
              }
            ],
            "cpu_core_count": 1,
            "cpu_threads_per_core": 1,
            "credit_specification": [
              {
                "cpu_credits": "standard"
              }
            ],
            "disable_api_stop": false,
            "disable_api_termination": false,
            "ebs_block_device": [],
            "ebs_optimized": false,
            "enclave_options": [
              {
                "enabled": false
              }
            ],
            "ephemeral_block_device": [],
            "get_password_data": false,
            "hibernation": false,
            "host_id": "",
            "host_resource_group_arn": null,
            "iam_instance_profile": "",
            "id": "i-0f35e3d72090dd8f3",
            "instance_initiated_shutdown_behavior": "stop",
            "instance_state": "running",
            "instance_type": "t2.micro",
            "ipv6_address_count": 0,
            "ipv6_addresses": [],
            "key_name": "kiwigate",
            "launch_template": [],
            "maintenance_options": [
              {
                "auto_recovery": "default"
              }
            ],
            "metadata_options": [
              {
                "http_endpoint": "enabled",
                "http_put_response_hop_limit": 1,
                "http_tokens": "optional",
                "instance_metadata_tags": "disabled"
              }
            ],
            "monitoring": false,
            "network_interface": [],
            "outpost_arn": "",
            "password_data": "",
            "placement_group": "",
            "placement_partition_number": 0,
            "primary_network_interface_id": "eni-0288ca97cfb44fd29",
            "private_dns": "ip-10-0-1-197.ec2.internal",
            "private_dns_name_options": [
              {
                "enable_resource_name_dns_a_record": false,
                "enable_resource_name_dns_aaaa_record": false,
                "hostname_type": "ip-name"
              }
            ],
            "private_ip": "10.0.1.197",
            "public_dns": "ec2-3-86-58-16.compute-1.amazonaws.com",
            "public_ip": "3.86.58.16",
            "root_block_device": [
              {
                "delete_on_termination": true,
                "device_name": "/dev/sda1",
                "encrypted": false,
                "iops": 100,
                "kms_key_id": "",
                "tags": {},
                "throughput": 0,
                "volume_id": "vol-0d1f56bd25e010476",
                "volume_size": 10,
                "volume_type": "gp2"
              }
            ],
            "secondary_private_ips": [],
            "security_groups": [],
            "source_dest_check": true,
            "subnet_id": "subnet-0687692b7fc5e17f3",
            "tags": {
              "Name": "kiwi-cache"
            },
            "tags_all": {
              "Name": "kiwi-cache"
            },
            "tenancy": "default",
            "timeouts": null,
            "user_data": "cd74baf69b1d1750f5452f5817e6ba0e4918d202",
            "user_data_base64": null,
            "user_data_replace_on_change": false,
            "volume_tags": null,
            "vpc_security_group_ids": [
              "sg-05b226fbf3023b80c"
            ]
          },
          "sensitive_attributes": [],
          "private": "eyJlMmJmYjczMC1lY2FhLTExZTYtOGY4OC0zNDM2M2JjN2M0YzAiOnsiY3JlYXRlIjo2MDAwMDAwMDAwMDAsImRlbGV0ZSI6MTIwMDAwMDAwMDAwMCwidXBkYXRlIjo2MDAwMDAwMDAwMDB9LCJzY2hlbWFfdmVyc2lvbiI6IjEifQ==",
          "dependencies": [
            "module.vpc.aws_security_group.alb-sg",
            "module.vpc.aws_security_group.app-sg",
            "module.vpc.aws_security_group.backend-sg",
            "module.vpc.aws_subnet.sn1",
            "module.vpc.aws_vpc.kiwi-vpc"
          ]
        }
      ]
    },
    {
      "module": "module.ec2",
      "mode": "managed",
      "type": "aws_instance",
      "name": "memq",
      "provider": "provider[\"registry.terraform.io/hashicorp/aws\"]",
      "instances": [
        {
          "schema_version": 1,
          "attributes": {
            "ami": "ami-002070d43b0a4f171",
            "arn": "arn:aws:ec2:us-east-1:382303303503:instance/i-0923cbcb7f2f1d3ac",
            "associate_public_ip_address": true,
            "availability_zone": "us-east-1a",
            "capacity_reservation_specification": [
              {
                "capacity_reservation_preference": "open",
                "capacity_reservation_target": []
              }
            ],
            "cpu_core_count": 1,
            "cpu_threads_per_core": 1,
            "credit_specification": [
              {
                "cpu_credits": "standard"
              }
            ],
            "disable_api_stop": false,
            "disable_api_termination": false,
            "ebs_block_device": [],
            "ebs_optimized": false,
            "enclave_options": [
              {
                "enabled": false
              }
            ],
            "ephemeral_block_device": [],
            "get_password_data": false,
            "hibernation": false,
            "host_id": "",
            "host_resource_group_arn": null,
            "iam_instance_profile": "",
            "id": "i-0923cbcb7f2f1d3ac",
            "instance_initiated_shutdown_behavior": "stop",
            "instance_state": "running",
            "instance_type": "t2.micro",
            "ipv6_address_count": 0,
            "ipv6_addresses": [],
            "key_name": "kiwigate",
            "launch_template": [],
            "maintenance_options": [
              {
                "auto_recovery": "default"
              }
            ],
            "metadata_options": [
              {
                "http_endpoint": "enabled",
                "http_put_response_hop_limit": 1,
                "http_tokens": "optional",
                "instance_metadata_tags": "disabled"
              }
            ],
            "monitoring": false,
            "network_interface": [],
            "outpost_arn": "",
            "password_data": "",
            "placement_group": "",
            "placement_partition_number": 0,
            "primary_network_interface_id": "eni-034c05667760628a8",
            "private_dns": "ip-10-0-1-234.ec2.internal",
            "private_dns_name_options": [
              {
                "enable_resource_name_dns_a_record": false,
                "enable_resource_name_dns_aaaa_record": false,
                "hostname_type": "ip-name"
              }
            ],
            "private_ip": "10.0.1.234",
            "public_dns": "ec2-3-82-214-143.compute-1.amazonaws.com",
            "public_ip": "3.82.214.143",
            "root_block_device": [
              {
                "delete_on_termination": true,
                "device_name": "/dev/sda1",
                "encrypted": false,
                "iops": 100,
                "kms_key_id": "",
                "tags": {},
                "throughput": 0,
                "volume_id": "vol-0975ddee4da4f62d4",
                "volume_size": 10,
                "volume_type": "gp2"
              }
            ],
            "secondary_private_ips": [],
            "security_groups": [],
            "source_dest_check": true,
            "subnet_id": "subnet-0687692b7fc5e17f3",
            "tags": {
              "Name": "kiwi-memq"
            },
            "tags_all": {
              "Name": "kiwi-memq"
            },
            "tenancy": "default",
            "timeouts": null,
            "user_data": "8fb2eaed21de7c0a8293d340a817500634ce25d3",
            "user_data_base64": null,
            "user_data_replace_on_change": false,
            "volume_tags": null,
            "vpc_security_group_ids": [
              "sg-05b226fbf3023b80c"
            ]
          },
          "sensitive_attributes": [],
          "private": "eyJlMmJmYjczMC1lY2FhLTExZTYtOGY4OC0zNDM2M2JjN2M0YzAiOnsiY3JlYXRlIjo2MDAwMDAwMDAwMDAsImRlbGV0ZSI6MTIwMDAwMDAwMDAwMCwidXBkYXRlIjo2MDAwMDAwMDAwMDB9LCJzY2hlbWFfdmVyc2lvbiI6IjEifQ==",
          "dependencies": [
            "module.vpc.aws_security_group.alb-sg",
            "module.vpc.aws_security_group.app-sg",
            "module.vpc.aws_security_group.backend-sg",
            "module.vpc.aws_subnet.sn1",
            "module.vpc.aws_vpc.kiwi-vpc"
          ]
        }
      ]
    },
    {
      "module": "module.ec2",
      "mode": "managed",
      "type": "aws_instance",
      "name": "sql",
      "provider": "provider[\"registry.terraform.io/hashicorp/aws\"]",
      "instances": [
        {
          "schema_version": 1,
          "attributes": {
            "ami": "ami-002070d43b0a4f171",
            "arn": "arn:aws:ec2:us-east-1:382303303503:instance/i-0a00957f86c4a41d9",
            "associate_public_ip_address": true,
            "availability_zone": "us-east-1a",
            "capacity_reservation_specification": [
              {
                "capacity_reservation_preference": "open",
                "capacity_reservation_target": []
              }
            ],
            "cpu_core_count": 1,
            "cpu_threads_per_core": 1,
            "credit_specification": [
              {
                "cpu_credits": "standard"
              }
            ],
            "disable_api_stop": false,
            "disable_api_termination": false,
            "ebs_block_device": [],
            "ebs_optimized": false,
            "enclave_options": [
              {
                "enabled": false
              }
            ],
            "ephemeral_block_device": [],
            "get_password_data": false,
            "hibernation": false,
            "host_id": "",
            "host_resource_group_arn": null,
            "iam_instance_profile": "",
            "id": "i-0a00957f86c4a41d9",
            "instance_initiated_shutdown_behavior": "stop",
            "instance_state": "running",
            "instance_type": "t2.micro",
            "ipv6_address_count": 0,
            "ipv6_addresses": [],
            "key_name": "kiwigate",
            "launch_template": [],
            "maintenance_options": [
              {
                "auto_recovery": "default"
              }
            ],
            "metadata_options": [
              {
                "http_endpoint": "enabled",
                "http_put_response_hop_limit": 1,
                "http_tokens": "optional",
                "instance_metadata_tags": "disabled"
              }
            ],
            "monitoring": false,
            "network_interface": [],
            "outpost_arn": "",
            "password_data": "",
            "placement_group": "",
            "placement_partition_number": 0,
            "primary_network_interface_id": "eni-0864949fabff76570",
            "private_dns": "ip-10-0-1-41.ec2.internal",
            "private_dns_name_options": [
              {
                "enable_resource_name_dns_a_record": false,
                "enable_resource_name_dns_aaaa_record": false,
                "hostname_type": "ip-name"
              }
            ],
            "private_ip": "10.0.1.41",
            "public_dns": "ec2-3-83-43-122.compute-1.amazonaws.com",
            "public_ip": "3.83.43.122",
            "root_block_device": [
              {
                "delete_on_termination": true,
                "device_name": "/dev/sda1",
                "encrypted": false,
                "iops": 100,
                "kms_key_id": "",
                "tags": {},
                "throughput": 0,
                "volume_id": "vol-0bad4f3a2966c1b64",
                "volume_size": 10,
                "volume_type": "gp2"
              }
            ],
            "secondary_private_ips": [],
            "security_groups": [],
            "source_dest_check": true,
            "subnet_id": "subnet-0687692b7fc5e17f3",
            "tags": {
              "Name": "kiwi-sql"
            },
            "tags_all": {
              "Name": "kiwi-sql"
            },
            "tenancy": "default",
            "timeouts": null,
            "user_data": "e3813328518622aaf4856372ed6fe5df3be38c59",
            "user_data_base64": null,
            "user_data_replace_on_change": false,
            "volume_tags": null,
            "vpc_security_group_ids": [
              "sg-05b226fbf3023b80c"
            ]
          },
          "sensitive_attributes": [],
          "private": "eyJlMmJmYjczMC1lY2FhLTExZTYtOGY4OC0zNDM2M2JjN2M0YzAiOnsiY3JlYXRlIjo2MDAwMDAwMDAwMDAsImRlbGV0ZSI6MTIwMDAwMDAwMDAwMCwidXBkYXRlIjo2MDAwMDAwMDAwMDB9LCJzY2hlbWFfdmVyc2lvbiI6IjEifQ==",
          "dependencies": [
            "module.vpc.aws_security_group.alb-sg",
            "module.vpc.aws_security_group.app-sg",
            "module.vpc.aws_security_group.backend-sg",
            "module.vpc.aws_subnet.sn1",
            "module.vpc.aws_vpc.kiwi-vpc"
          ]
        }
      ]
    },
    {
      "module": "module.route53",
      "mode": "managed",
      "type": "aws_route53_record",
      "name": "rone",
      "provider": "provider[\"registry.terraform.io/hashicorp/aws\"]",
      "instances": [
        {
          "schema_version": 2,
          "attributes": {
            "alias": [],
            "allow_overwrite": null,
            "cidr_routing_policy": [],
            "failover_routing_policy": [],
            "fqdn": "db.kiwi.com",
            "geolocation_routing_policy": [],
            "health_check_id": "",
            "id": "Z08901492YW2T76J08XET_db.kiwi.com_A",
            "latency_routing_policy": [],
            "multivalue_answer_routing_policy": false,
            "name": "db.kiwi.com",
            "records": [
              "10.0.1.41"
            ],
            "set_identifier": "",
            "ttl": 300,
            "type": "A",
            "weighted_routing_policy": [],
            "zone_id": "Z08901492YW2T76J08XET"
          },
          "sensitive_attributes": [],
          "private": "eyJzY2hlbWFfdmVyc2lvbiI6IjIifQ==",
          "dependencies": [
            "module.ec2.aws_instance.sql",
            "module.route53.aws_route53_zone.route-zone",
            "module.vpc.aws_security_group.alb-sg",
            "module.vpc.aws_security_group.app-sg",
            "module.vpc.aws_security_group.backend-sg",
            "module.vpc.aws_subnet.sn1",
            "module.vpc.aws_vpc.kiwi-vpc"
          ]
        }
      ]
    },
    {
      "module": "module.route53",
      "mode": "managed",
      "type": "aws_route53_record",
      "name": "rthree",
      "provider": "provider[\"registry.terraform.io/hashicorp/aws\"]",
      "instances": [
        {
          "schema_version": 2,
          "attributes": {
            "alias": [],
            "allow_overwrite": null,
            "cidr_routing_policy": [],
            "failover_routing_policy": [],
            "fqdn": "mq.kiwi.com",
            "geolocation_routing_policy": [],
            "health_check_id": "",
            "id": "Z08901492YW2T76J08XET_mq.kiwi.com_A",
            "latency_routing_policy": [],
            "multivalue_answer_routing_policy": false,
            "name": "mq.kiwi.com",
            "records": [
              "10.0.1.234"
            ],
            "set_identifier": "",
            "ttl": 300,
            "type": "A",
            "weighted_routing_policy": [],
            "zone_id": "Z08901492YW2T76J08XET"
          },
          "sensitive_attributes": [],
          "private": "eyJzY2hlbWFfdmVyc2lvbiI6IjIifQ==",
          "dependencies": [
            "module.ec2.aws_instance.memq",
            "module.route53.aws_route53_zone.route-zone",
            "module.vpc.aws_security_group.alb-sg",
            "module.vpc.aws_security_group.app-sg",
            "module.vpc.aws_security_group.backend-sg",
            "module.vpc.aws_subnet.sn1",
            "module.vpc.aws_vpc.kiwi-vpc"
          ]
        }
      ]
    },
    {
      "module": "module.route53",
      "mode": "managed",
      "type": "aws_route53_record",
      "name": "rtwo",
      "provider": "provider[\"registry.terraform.io/hashicorp/aws\"]",
      "instances": [
        {
          "schema_version": 2,
          "attributes": {
            "alias": [],
            "allow_overwrite": null,
            "cidr_routing_policy": [],
            "failover_routing_policy": [],
            "fqdn": "cache.kiwi.com",
            "geolocation_routing_policy": [],
            "health_check_id": "",
            "id": "Z08901492YW2T76J08XET_cache.kiwi.com_A",
            "latency_routing_policy": [],
            "multivalue_answer_routing_policy": false,
            "name": "cache.kiwi.com",
            "records": [
              "10.0.1.197"
            ],
            "set_identifier": "",
            "ttl": 300,
            "type": "A",
            "weighted_routing_policy": [],
            "zone_id": "Z08901492YW2T76J08XET"
          },
          "sensitive_attributes": [],
          "private": "eyJzY2hlbWFfdmVyc2lvbiI6IjIifQ==",
          "dependencies": [
            "module.ec2.aws_instance.cache",
            "module.route53.aws_route53_zone.route-zone",
            "module.vpc.aws_security_group.alb-sg",
            "module.vpc.aws_security_group.app-sg",
            "module.vpc.aws_security_group.backend-sg",
            "module.vpc.aws_subnet.sn1",
            "module.vpc.aws_vpc.kiwi-vpc"
          ]
        }
      ]
    },
    {
      "module": "module.route53",
      "mode": "managed",
      "type": "aws_route53_zone",
      "name": "route-zone",
      "provider": "provider[\"registry.terraform.io/hashicorp/aws\"]",
      "instances": [
        {
          "schema_version": 0,
          "attributes": {
            "arn": "arn:aws:route53:::hostedzone/Z08901492YW2T76J08XET",
            "comment": "Managed by Terraform",
            "delegation_set_id": "",
            "force_destroy": false,
            "id": "Z08901492YW2T76J08XET",
            "name": "kiwi.com",
            "name_servers": [
              "ns-0.awsdns-00.com.",
              "ns-1024.awsdns-00.org.",
              "ns-1536.awsdns-00.co.uk.",
              "ns-512.awsdns-00.net."
            ],
            "primary_name_server": "ns-0.awsdns-00.com.",
            "tags": null,
            "tags_all": {},
            "vpc": [
              {
                "vpc_id": "vpc-0ea0972e947219e52",
                "vpc_region": "us-east-1"
              }
            ],
            "zone_id": "Z08901492YW2T76J08XET"
          },
          "sensitive_attributes": [],
          "private": "bnVsbA==",
          "dependencies": [
            "module.vpc.aws_vpc.kiwi-vpc"
          ]
        }
      ]
    },
    {
      "module": "module.vpc",
      "mode": "managed",
      "type": "aws_internet_gateway",
      "name": "kiwi-igw",
      "provider": "provider[\"registry.terraform.io/hashicorp/aws\"]",
      "instances": [
        {
          "schema_version": 0,
          "attributes": {
            "arn": "arn:aws:ec2:us-east-1:382303303503:internet-gateway/igw-0da3c36d96ce30c48",
            "id": "igw-0da3c36d96ce30c48",
            "owner_id": "382303303503",
            "tags": {
              "Name": "kiwi-igw"
            },
            "tags_all": {
              "Name": "kiwi-igw"
            },
            "timeouts": null,
            "vpc_id": "vpc-0ea0972e947219e52"
          },
          "sensitive_attributes": [],
          "private": "eyJlMmJmYjczMC1lY2FhLTExZTYtOGY4OC0zNDM2M2JjN2M0YzAiOnsiY3JlYXRlIjoxMjAwMDAwMDAwMDAwLCJkZWxldGUiOjEyMDAwMDAwMDAwMDAsInVwZGF0ZSI6MTIwMDAwMDAwMDAwMH19",
          "dependencies": [
            "module.vpc.aws_vpc.kiwi-vpc"
          ]
        }
      ]
    },
    {
      "module": "module.vpc",
      "mode": "managed",
      "type": "aws_route_table",
      "name": "route1",
      "provider": "provider[\"registry.terraform.io/hashicorp/aws\"]",
      "instances": [
        {
          "schema_version": 0,
          "attributes": {
            "arn": "arn:aws:ec2:us-east-1:382303303503:route-table/rtb-036dc2aa246b9273b",
            "id": "rtb-036dc2aa246b9273b",
            "owner_id": "382303303503",
            "propagating_vgws": [],
            "route": [
              {
                "carrier_gateway_id": "",
                "cidr_block": "0.0.0.0/0",
                "core_network_arn": "",
                "destination_prefix_list_id": "",
                "egress_only_gateway_id": "",
                "gateway_id": "igw-0da3c36d96ce30c48",
                "instance_id": "",
                "ipv6_cidr_block": "",
                "local_gateway_id": "",
                "nat_gateway_id": "",
                "network_interface_id": "",
                "transit_gateway_id": "",
                "vpc_endpoint_id": "",
                "vpc_peering_connection_id": ""
              }
            ],
            "tags": {
              "Name": "kiwi-route1"
            },
            "tags_all": {
              "Name": "kiwi-route1"
            },
            "timeouts": null,
            "vpc_id": "vpc-0ea0972e947219e52"
          },
          "sensitive_attributes": [],
          "private": "eyJlMmJmYjczMC1lY2FhLTExZTYtOGY4OC0zNDM2M2JjN2M0YzAiOnsiY3JlYXRlIjozMDAwMDAwMDAwMDAsImRlbGV0ZSI6MzAwMDAwMDAwMDAwLCJ1cGRhdGUiOjEyMDAwMDAwMDAwMH19",
          "dependencies": [
            "module.vpc.aws_internet_gateway.kiwi-igw",
            "module.vpc.aws_vpc.kiwi-vpc"
          ]
        }
      ]
    },
    {
      "module": "module.vpc",
      "mode": "managed",
      "type": "aws_route_table",
      "name": "route2",
      "provider": "provider[\"registry.terraform.io/hashicorp/aws\"]",
      "instances": [
        {
          "schema_version": 0,
          "attributes": {
            "arn": "arn:aws:ec2:us-east-1:382303303503:route-table/rtb-0422dc7dcf716ac7a",
            "id": "rtb-0422dc7dcf716ac7a",
            "owner_id": "382303303503",
            "propagating_vgws": [],
            "route": [
              {
                "carrier_gateway_id": "",
                "cidr_block": "0.0.0.0/0",
                "core_network_arn": "",
                "destination_prefix_list_id": "",
                "egress_only_gateway_id": "",
                "gateway_id": "igw-0da3c36d96ce30c48",
                "instance_id": "",
                "ipv6_cidr_block": "",
                "local_gateway_id": "",
                "nat_gateway_id": "",
                "network_interface_id": "",
                "transit_gateway_id": "",
                "vpc_endpoint_id": "",
                "vpc_peering_connection_id": ""
              }
            ],
            "tags": {
              "Name": "kiwi-route2"
            },
            "tags_all": {
              "Name": "kiwi-route2"
            },
            "timeouts": null,
            "vpc_id": "vpc-0ea0972e947219e52"
          },
          "sensitive_attributes": [],
          "private": "eyJlMmJmYjczMC1lY2FhLTExZTYtOGY4OC0zNDM2M2JjN2M0YzAiOnsiY3JlYXRlIjozMDAwMDAwMDAwMDAsImRlbGV0ZSI6MzAwMDAwMDAwMDAwLCJ1cGRhdGUiOjEyMDAwMDAwMDAwMH19",
          "dependencies": [
            "module.vpc.aws_internet_gateway.kiwi-igw",
            "module.vpc.aws_vpc.kiwi-vpc"
          ]
        }
      ]
    },
    {
      "module": "module.vpc",
      "mode": "managed",
      "type": "aws_route_table_association",
      "name": "rp1",
      "provider": "provider[\"registry.terraform.io/hashicorp/aws\"]",
      "instances": [
        {
          "schema_version": 0,
          "attributes": {
            "gateway_id": "",
            "id": "rtbassoc-0353670ebd4bf31dd",
            "route_table_id": "rtb-036dc2aa246b9273b",
            "subnet_id": "subnet-0687692b7fc5e17f3"
          },
          "sensitive_attributes": [],
          "private": "bnVsbA==",
          "dependencies": [
            "module.vpc.aws_internet_gateway.kiwi-igw",
            "module.vpc.aws_route_table.route1",
            "module.vpc.aws_subnet.sn1",
            "module.vpc.aws_vpc.kiwi-vpc"
          ]
        }
      ]
    },
    {
      "module": "module.vpc",
      "mode": "managed",
      "type": "aws_route_table_association",
      "name": "rp2",
      "provider": "provider[\"registry.terraform.io/hashicorp/aws\"]",
      "instances": [
        {
          "schema_version": 0,
          "attributes": {
            "gateway_id": "",
            "id": "rtbassoc-07027701b7964ee0d",
            "route_table_id": "rtb-0422dc7dcf716ac7a",
            "subnet_id": "subnet-03297717ec18a54a8"
          },
          "sensitive_attributes": [],
          "private": "bnVsbA==",
          "dependencies": [
            "module.vpc.aws_internet_gateway.kiwi-igw",
            "module.vpc.aws_route_table.route2",
            "module.vpc.aws_subnet.sn2",
            "module.vpc.aws_vpc.kiwi-vpc"
          ]
        }
      ]
    },
    {
      "module": "module.vpc",
      "mode": "managed",
      "type": "aws_security_group",
      "name": "alb-sg",
      "provider": "provider[\"registry.terraform.io/hashicorp/aws\"]",
      "instances": [
        {
          "schema_version": 1,
          "attributes": {
            "arn": "arn:aws:ec2:us-east-1:382303303503:security-group/sg-0ac08b8ecc6aa5bdd",
            "description": "Allow alb inbound traffic",
            "egress": [
              {
                "cidr_blocks": [
                  "0.0.0.0/0"
                ],
                "description": "",
                "from_port": 8080,
                "ipv6_cidr_blocks": [],
                "prefix_list_ids": [],
                "protocol": "tcp",
                "security_groups": [],
                "self": false,
                "to_port": 8080
              }
            ],
            "id": "sg-0ac08b8ecc6aa5bdd",
            "ingress": [
              {
                "cidr_blocks": [
                  "0.0.0.0/0"
                ],
                "description": "TLS from VPC",
                "from_port": 80,
                "ipv6_cidr_blocks": [],
                "prefix_list_ids": [],
                "protocol": "tcp",
                "security_groups": [],
                "self": false,
                "to_port": 80
              }
            ],
            "name": "alb-sg",
            "name_prefix": "",
            "owner_id": "382303303503",
            "revoke_rules_on_delete": false,
            "tags": {
              "Name": "kiwi-alb-sg"
            },
            "tags_all": {
              "Name": "kiwi-alb-sg"
            },
            "timeouts": null,
            "vpc_id": "vpc-0ea0972e947219e52"
          },
          "sensitive_attributes": [],
          "private": "eyJlMmJmYjczMC1lY2FhLTExZTYtOGY4OC0zNDM2M2JjN2M0YzAiOnsiY3JlYXRlIjo2MDAwMDAwMDAwMDAsImRlbGV0ZSI6OTAwMDAwMDAwMDAwfSwic2NoZW1hX3ZlcnNpb24iOiIxIn0=",
          "dependencies": [
            "module.vpc.aws_vpc.kiwi-vpc"
          ]
        }
      ]
    },
    {
      "module": "module.vpc",
      "mode": "managed",
      "type": "aws_security_group",
      "name": "app-sg",
      "provider": "provider[\"registry.terraform.io/hashicorp/aws\"]",
      "instances": [
        {
          "schema_version": 1,
          "attributes": {
            "arn": "arn:aws:ec2:us-east-1:382303303503:security-group/sg-006042f15d784c31f",
            "description": "Allow app traffic from alb",
            "egress": [
              {
                "cidr_blocks": [
                  "0.0.0.0/0"
                ],
                "description": "",
                "from_port": 0,
                "ipv6_cidr_blocks": [],
                "prefix_list_ids": [],
                "protocol": "-1",
                "security_groups": [],
                "self": false,
                "to_port": 0
              }
            ],
            "id": "sg-006042f15d784c31f",
            "ingress": [
              {
                "cidr_blocks": [
                  "0.0.0.0/0"
                ],
                "description": "SSH open",
                "from_port": 22,
                "ipv6_cidr_blocks": [],
                "prefix_list_ids": [],
                "protocol": "tcp",
                "security_groups": [],
                "self": false,
                "to_port": 22
              },
              {
                "cidr_blocks": [],
                "description": "web traffic",
                "from_port": 8080,
                "ipv6_cidr_blocks": [],
                "prefix_list_ids": [],
                "protocol": "tcp",
                "security_groups": [
                  "sg-0ac08b8ecc6aa5bdd"
                ],
                "self": false,
                "to_port": 8080
              }
            ],
            "name": "app-sg",
            "name_prefix": "",
            "owner_id": "382303303503",
            "revoke_rules_on_delete": false,
            "tags": {
              "Name": "kiwi-app-sg"
            },
            "tags_all": {
              "Name": "kiwi-app-sg"
            },
            "timeouts": null,
            "vpc_id": "vpc-0ea0972e947219e52"
          },
          "sensitive_attributes": [],
          "private": "eyJlMmJmYjczMC1lY2FhLTExZTYtOGY4OC0zNDM2M2JjN2M0YzAiOnsiY3JlYXRlIjo2MDAwMDAwMDAwMDAsImRlbGV0ZSI6OTAwMDAwMDAwMDAwfSwic2NoZW1hX3ZlcnNpb24iOiIxIn0=",
          "dependencies": [
            "module.vpc.aws_security_group.alb-sg",
            "module.vpc.aws_vpc.kiwi-vpc"
          ]
        }
      ]
    },
    {
      "module": "module.vpc",
      "mode": "managed",
      "type": "aws_security_group",
      "name": "backend-sg",
      "provider": "provider[\"registry.terraform.io/hashicorp/aws\"]",
      "instances": [
        {
          "schema_version": 1,
          "attributes": {
            "arn": "arn:aws:ec2:us-east-1:382303303503:security-group/sg-05b226fbf3023b80c",
            "description": "Allow backend traffic from app",
            "egress": [
              {
                "cidr_blocks": [
                  "0.0.0.0/0"
                ],
                "description": "",
                "from_port": 0,
                "ipv6_cidr_blocks": [],
                "prefix_list_ids": [],
                "protocol": "-1",
                "security_groups": [],
                "self": false,
                "to_port": 0
              }
            ],
            "id": "sg-05b226fbf3023b80c",
            "ingress": [
              {
                "cidr_blocks": [
                  "0.0.0.0/0"
                ],
                "description": "SSH open",
                "from_port": 22,
                "ipv6_cidr_blocks": [],
                "prefix_list_ids": [],
                "protocol": "tcp",
                "security_groups": [],
                "self": false,
                "to_port": 22
              },
              {
                "cidr_blocks": [],
                "description": "TLS from app",
                "from_port": 0,
                "ipv6_cidr_blocks": [],
                "prefix_list_ids": [],
                "protocol": "-1",
                "security_groups": [],
                "self": true,
                "to_port": 0
              },
              {
                "cidr_blocks": [],
                "description": "TLS from app",
                "from_port": 11211,
                "ipv6_cidr_blocks": [],
                "prefix_list_ids": [],
                "protocol": "tcp",
                "security_groups": [
                  "sg-006042f15d784c31f"
                ],
                "self": false,
                "to_port": 11211
              },
              {
                "cidr_blocks": [],
                "description": "TLS from app",
                "from_port": 3306,
                "ipv6_cidr_blocks": [],
                "prefix_list_ids": [],
                "protocol": "tcp",
                "security_groups": [
                  "sg-006042f15d784c31f"
                ],
                "self": false,
                "to_port": 3306
              },
              {
                "cidr_blocks": [],
                "description": "TLS from app",
                "from_port": 5672,
                "ipv6_cidr_blocks": [],
                "prefix_list_ids": [],
                "protocol": "tcp",
                "security_groups": [
                  "sg-006042f15d784c31f"
                ],
                "self": false,
                "to_port": 5672
              }
            ],
            "name": "backend-sg",
            "name_prefix": "",
            "owner_id": "382303303503",
            "revoke_rules_on_delete": false,
            "tags": {
              "Name": "kiwi-backend-sg"
            },
            "tags_all": {
              "Name": "kiwi-backend-sg"
            },
            "timeouts": null,
            "vpc_id": "vpc-0ea0972e947219e52"
          },
          "sensitive_attributes": [],
          "private": "eyJlMmJmYjczMC1lY2FhLTExZTYtOGY4OC0zNDM2M2JjN2M0YzAiOnsiY3JlYXRlIjo2MDAwMDAwMDAwMDAsImRlbGV0ZSI6OTAwMDAwMDAwMDAwfSwic2NoZW1hX3ZlcnNpb24iOiIxIn0=",
          "dependencies": [
            "module.vpc.aws_security_group.alb-sg",
            "module.vpc.aws_security_group.app-sg",
            "module.vpc.aws_vpc.kiwi-vpc"
          ]
        }
      ]
    },
    {
      "module": "module.vpc",
      "mode": "managed",
      "type": "aws_subnet",
      "name": "sn1",
      "provider": "provider[\"registry.terraform.io/hashicorp/aws\"]",
      "instances": [
        {
          "schema_version": 1,
          "attributes": {
            "arn": "arn:aws:ec2:us-east-1:382303303503:subnet/subnet-0687692b7fc5e17f3",
            "assign_ipv6_address_on_creation": false,
            "availability_zone": "us-east-1a",
            "availability_zone_id": "use1-az2",
            "cidr_block": "10.0.1.0/24",
            "customer_owned_ipv4_pool": "",
            "enable_dns64": false,
            "enable_resource_name_dns_a_record_on_launch": false,
            "enable_resource_name_dns_aaaa_record_on_launch": false,
            "id": "subnet-0687692b7fc5e17f3",
            "ipv6_cidr_block": "",
            "ipv6_cidr_block_association_id": "",
            "ipv6_native": false,
            "map_customer_owned_ip_on_launch": false,
            "map_public_ip_on_launch": false,
            "outpost_arn": "",
            "owner_id": "382303303503",
            "private_dns_hostname_type_on_launch": "ip-name",
            "tags": {
              "Name": "kiwi-sn1"
            },
            "tags_all": {
              "Name": "kiwi-sn1"
            },
            "timeouts": null,
            "vpc_id": "vpc-0ea0972e947219e52"
          },
          "sensitive_attributes": [],
          "private": "eyJlMmJmYjczMC1lY2FhLTExZTYtOGY4OC0zNDM2M2JjN2M0YzAiOnsiY3JlYXRlIjo2MDAwMDAwMDAwMDAsImRlbGV0ZSI6MTIwMDAwMDAwMDAwMH0sInNjaGVtYV92ZXJzaW9uIjoiMSJ9",
          "dependencies": [
            "module.vpc.aws_vpc.kiwi-vpc"
          ]
        }
      ]
    },
    {
      "module": "module.vpc",
      "mode": "managed",
      "type": "aws_subnet",
      "name": "sn2",
      "provider": "provider[\"registry.terraform.io/hashicorp/aws\"]",
      "instances": [
        {
          "schema_version": 1,
          "attributes": {
            "arn": "arn:aws:ec2:us-east-1:382303303503:subnet/subnet-03297717ec18a54a8",
            "assign_ipv6_address_on_creation": false,
            "availability_zone": "us-east-1b",
            "availability_zone_id": "use1-az4",
            "cidr_block": "10.0.2.0/24",
            "customer_owned_ipv4_pool": "",
            "enable_dns64": false,
            "enable_resource_name_dns_a_record_on_launch": false,
            "enable_resource_name_dns_aaaa_record_on_launch": false,
            "id": "subnet-03297717ec18a54a8",
            "ipv6_cidr_block": "",
            "ipv6_cidr_block_association_id": "",
            "ipv6_native": false,
            "map_customer_owned_ip_on_launch": false,
            "map_public_ip_on_launch": false,
            "outpost_arn": "",
            "owner_id": "382303303503",
            "private_dns_hostname_type_on_launch": "ip-name",
            "tags": {
              "Name": "kiwi-sn2"
            },
            "tags_all": {
              "Name": "kiwi-sn2"
            },
            "timeouts": null,
            "vpc_id": "vpc-0ea0972e947219e52"
          },
          "sensitive_attributes": [],
          "private": "eyJlMmJmYjczMC1lY2FhLTExZTYtOGY4OC0zNDM2M2JjN2M0YzAiOnsiY3JlYXRlIjo2MDAwMDAwMDAwMDAsImRlbGV0ZSI6MTIwMDAwMDAwMDAwMH0sInNjaGVtYV92ZXJzaW9uIjoiMSJ9",
          "dependencies": [
            "module.vpc.aws_vpc.kiwi-vpc"
          ]
        }
      ]
    },
    {
      "module": "module.vpc",
      "mode": "managed",
      "type": "aws_vpc",
      "name": "kiwi-vpc",
      "provider": "provider[\"registry.terraform.io/hashicorp/aws\"]",
      "instances": [
        {
          "schema_version": 1,
          "attributes": {
            "arn": "arn:aws:ec2:us-east-1:382303303503:vpc/vpc-0ea0972e947219e52",
            "assign_generated_ipv6_cidr_block": false,
            "cidr_block": "10.0.0.0/16",
            "default_network_acl_id": "acl-0f7d2d3d545e2576f",
            "default_route_table_id": "rtb-0a0355cea3a7c4cbb",
            "default_security_group_id": "sg-0e6e37c1862eaac24",
            "dhcp_options_id": "dopt-047ffc8ec8d765a7c",
            "enable_classiclink": false,
            "enable_classiclink_dns_support": false,
            "enable_dns_hostnames": true,
            "enable_dns_support": true,
            "enable_network_address_usage_metrics": false,
            "id": "vpc-0ea0972e947219e52",
            "instance_tenancy": "default",
            "ipv4_ipam_pool_id": null,
            "ipv4_netmask_length": null,
            "ipv6_association_id": "",
            "ipv6_cidr_block": "",
            "ipv6_cidr_block_network_border_group": "",
            "ipv6_ipam_pool_id": "",
            "ipv6_netmask_length": 0,
            "main_route_table_id": "rtb-0a0355cea3a7c4cbb",
            "owner_id": "382303303503",
            "tags": {
              "Name": "kiwi-vpc",
              "Project": "kiwi"
            },
            "tags_all": {
              "Name": "kiwi-vpc",
              "Project": "kiwi"
            }
          },
          "sensitive_attributes": [],
          "private": "eyJzY2hlbWFfdmVyc2lvbiI6IjEifQ=="
        }
      ]
    }
  ],
  "check_results": null
}
